// !$*UTF8*$!
{
	archiveVersion = 1;
	classes = {
	};
	objectVersion = 56;
	objects = {

/* Begin PBXBuildFile section */
		5BB85B2C291ADAD40052F270 /* WAButton.swift in Sources */ = {isa = PBXBuildFile; fileRef = 5BB85B2B291ADAD40052F270 /* WAButton.swift */; };
		5BB8D739291C247700C6C496 /* WeekView.swift in Sources */ = {isa = PBXBuildFile; fileRef = 5BB8D738291C247700C6C496 /* WeekView.swift */; };
		5BB8D73B291C263600C6C496 /* WeekDayView.swift in Sources */ = {isa = PBXBuildFile; fileRef = 5BB8D73A291C263600C6C496 /* WeekDayView.swift */; };
		5BB8D73D291C2AD400C6C496 /* Date + Ext.swift in Sources */ = {isa = PBXBuildFile; fileRef = 5BB8D73C291C2AD400C6C496 /* Date + Ext.swift */; };
		5BBFED94291D86E400A101AF /* WABaseInfoView.swift in Sources */ = {isa = PBXBuildFile; fileRef = 5BBFED93291D86E400A101AF /* WABaseInfoView.swift */; };
		5BD87FEA291B91F100A5002E /* OverviewNavBar.swift in Sources */ = {isa = PBXBuildFile; fileRef = 5BD87FE9291B91F100A5002E /* OverviewNavBar.swift */; };
		5BD87FEC291B922600A5002E /* BaseView.swift in Sources */ = {isa = PBXBuildFile; fileRef = 5BD87FEB291B922600A5002E /* BaseView.swift */; };
		5BEAA80F2918035100C4636B /* AppDelegate.swift in Sources */ = {isa = PBXBuildFile; fileRef = 5BEAA80E2918035100C4636B /* AppDelegate.swift */; };
		5BEAA8112918035100C4636B /* SceneDelegate.swift in Sources */ = {isa = PBXBuildFile; fileRef = 5BEAA8102918035100C4636B /* SceneDelegate.swift */; };
		5BEAA8132918035100C4636B /* OverviewViewController.swift in Sources */ = {isa = PBXBuildFile; fileRef = 5BEAA8122918035100C4636B /* OverviewViewController.swift */; };
		5BEAA8182918035300C4636B /* Assets.xcassets in Resources */ = {isa = PBXBuildFile; fileRef = 5BEAA8172918035300C4636B /* Assets.xcassets */; };
		5BEAA81B2918035300C4636B /* LaunchScreen.storyboard in Resources */ = {isa = PBXBuildFile; fileRef = 5BEAA8192918035300C4636B /* LaunchScreen.storyboard */; };
		5BEAA8262918064300C4636B /* TabBarController.swift in Sources */ = {isa = PBXBuildFile; fileRef = 5BEAA8252918064300C4636B /* TabBarController.swift */; };
		5BEAA8292918074200C4636B /* UIColor + Ext.swift in Sources */ = {isa = PBXBuildFile; fileRef = 5BEAA8282918074200C4636B /* UIColor + Ext.swift */; };
		5BEAA82B2918084500C4636B /* Resources.swift in Sources */ = {isa = PBXBuildFile; fileRef = 5BEAA82A2918084500C4636B /* Resources.swift */; };
		5BEAA82D29197D3300C4636B /* NavBarController.swift in Sources */ = {isa = PBXBuildFile; fileRef = 5BEAA82C29197D3300C4636B /* NavBarController.swift */; };
		5BEAA830291980C400C4636B /* BaseController.swift in Sources */ = {isa = PBXBuildFile; fileRef = 5BEAA82F291980C400C4636B /* BaseController.swift */; };
		5BEAA8322919832900C4636B /* UIView + Ext.swift in Sources */ = {isa = PBXBuildFile; fileRef = 5BEAA8312919832900C4636B /* UIView + Ext.swift */; };
		5BEAA8392919854D00C4636B /* SessionController.swift in Sources */ = {isa = PBXBuildFile; fileRef = 5BEAA8382919854D00C4636B /* SessionController.swift */; };
		5BEAA83B2919857D00C4636B /* SettingController.swift in Sources */ = {isa = PBXBuildFile; fileRef = 5BEAA83A2919857D00C4636B /* SettingController.swift */; };
		5BEAA83D291985AC00C4636B /* ProgressController.swift in Sources */ = {isa = PBXBuildFile; fileRef = 5BEAA83C291985AC00C4636B /* ProgressController.swift */; };
/* End PBXBuildFile section */

/* Begin PBXFileReference section */
		5BB85B2B291ADAD40052F270 /* WAButton.swift */ = {isa = PBXFileReference; lastKnownFileType = sourcecode.swift; path = WAButton.swift; sourceTree = "<group>"; };
		5BB8D738291C247700C6C496 /* WeekView.swift */ = {isa = PBXFileReference; lastKnownFileType = sourcecode.swift; path = WeekView.swift; sourceTree = "<group>"; };
		5BB8D73A291C263600C6C496 /* WeekDayView.swift */ = {isa = PBXFileReference; lastKnownFileType = sourcecode.swift; path = WeekDayView.swift; sourceTree = "<group>"; };
		5BB8D73C291C2AD400C6C496 /* Date + Ext.swift */ = {isa = PBXFileReference; lastKnownFileType = sourcecode.swift; path = "Date + Ext.swift"; sourceTree = "<group>"; };
		5BBFED93291D86E400A101AF /* WABaseInfoView.swift */ = {isa = PBXFileReference; lastKnownFileType = sourcecode.swift; path = WABaseInfoView.swift; sourceTree = "<group>"; };
		5BD87FE9291B91F100A5002E /* OverviewNavBar.swift */ = {isa = PBXFileReference; lastKnownFileType = sourcecode.swift; path = OverviewNavBar.swift; sourceTree = "<group>"; };
		5BD87FEB291B922600A5002E /* BaseView.swift */ = {isa = PBXFileReference; lastKnownFileType = sourcecode.swift; path = BaseView.swift; sourceTree = "<group>"; };
		5BEAA80B2918035100C4636B /* SportApp.app */ = {isa = PBXFileReference; explicitFileType = wrapper.application; includeInIndex = 0; path = SportApp.app; sourceTree = BUILT_PRODUCTS_DIR; };
		5BEAA80E2918035100C4636B /* AppDelegate.swift */ = {isa = PBXFileReference; lastKnownFileType = sourcecode.swift; path = AppDelegate.swift; sourceTree = "<group>"; };
		5BEAA8102918035100C4636B /* SceneDelegate.swift */ = {isa = PBXFileReference; lastKnownFileType = sourcecode.swift; path = SceneDelegate.swift; sourceTree = "<group>"; };
		5BEAA8122918035100C4636B /* OverviewViewController.swift */ = {isa = PBXFileReference; lastKnownFileType = sourcecode.swift; path = OverviewViewController.swift; sourceTree = "<group>"; };
		5BEAA8172918035300C4636B /* Assets.xcassets */ = {isa = PBXFileReference; lastKnownFileType = folder.assetcatalog; path = Assets.xcassets; sourceTree = "<group>"; };
		5BEAA81A2918035300C4636B /* Base */ = {isa = PBXFileReference; lastKnownFileType = file.storyboard; name = Base; path = Base.lproj/LaunchScreen.storyboard; sourceTree = "<group>"; };
		5BEAA81C2918035300C4636B /* Info.plist */ = {isa = PBXFileReference; lastKnownFileType = text.plist.xml; path = Info.plist; sourceTree = "<group>"; };
		5BEAA8252918064300C4636B /* TabBarController.swift */ = {isa = PBXFileReference; lastKnownFileType = sourcecode.swift; path = TabBarController.swift; sourceTree = "<group>"; };
		5BEAA8282918074200C4636B /* UIColor + Ext.swift */ = {isa = PBXFileReference; lastKnownFileType = sourcecode.swift; path = "UIColor + Ext.swift"; sourceTree = "<group>"; };
		5BEAA82A2918084500C4636B /* Resources.swift */ = {isa = PBXFileReference; lastKnownFileType = sourcecode.swift; path = Resources.swift; sourceTree = "<group>"; };
		5BEAA82C29197D3300C4636B /* NavBarController.swift */ = {isa = PBXFileReference; lastKnownFileType = sourcecode.swift; path = NavBarController.swift; sourceTree = "<group>"; };
		5BEAA82F291980C400C4636B /* BaseController.swift */ = {isa = PBXFileReference; lastKnownFileType = sourcecode.swift; path = BaseController.swift; sourceTree = "<group>"; };
		5BEAA8312919832900C4636B /* UIView + Ext.swift */ = {isa = PBXFileReference; lastKnownFileType = sourcecode.swift; path = "UIView + Ext.swift"; sourceTree = "<group>"; };
		5BEAA8382919854D00C4636B /* SessionController.swift */ = {isa = PBXFileReference; lastKnownFileType = sourcecode.swift; path = SessionController.swift; sourceTree = "<group>"; };
		5BEAA83A2919857D00C4636B /* SettingController.swift */ = {isa = PBXFileReference; lastKnownFileType = sourcecode.swift; path = SettingController.swift; sourceTree = "<group>"; };
		5BEAA83C291985AC00C4636B /* ProgressController.swift */ = {isa = PBXFileReference; lastKnownFileType = sourcecode.swift; path = ProgressController.swift; sourceTree = "<group>"; };
/* End PBXFileReference section */

/* Begin PBXFrameworksBuildPhase section */
		5BEAA8082918035100C4636B /* Frameworks */ = {
			isa = PBXFrameworksBuildPhase;
			buildActionMask = 2147483647;
			files = (
			);
			runOnlyForDeploymentPostprocessing = 0;
		};
/* End PBXFrameworksBuildPhase section */

/* Begin PBXGroup section */
		5BB85B2A291ADAA70052F270 /* Views */ = {
			isa = PBXGroup;
			children = (
				5BBFED95291ED0E500A101AF /* NavigationBar */,
				5BB8D737291C245F00C6C496 /* WeekView */,
				5BD87FE9291B91F100A5002E /* OverviewNavBar.swift */,
			);
			path = Views;
			sourceTree = "<group>";
		};
		5BB8D737291C245F00C6C496 /* WeekView */ = {
			isa = PBXGroup;
			children = (
				5BB8D738291C247700C6C496 /* WeekView.swift */,
				5BB8D73A291C263600C6C496 /* WeekDayView.swift */,
			);
			path = WeekView;
			sourceTree = "<group>";
		};
		5BBFED92291D86D000A101AF /* Views */ = {
			isa = PBXGroup;
			children = (
				5BD87FEB291B922600A5002E /* BaseView.swift */,
				5BBFED93291D86E400A101AF /* WABaseInfoView.swift */,
			);
			path = Views;
			sourceTree = "<group>";
		};
		5BBFED95291ED0E500A101AF /* NavigationBar */ = {
			isa = PBXGroup;
			children = (
			);
			path = NavigationBar;
			sourceTree = "<group>";
		};
		5BBFED96291ED0FC00A101AF /* TabBar */ = {
			isa = PBXGroup;
			children = (
				5BEAA8252918064300C4636B /* TabBarController.swift */,
				5BEAA82C29197D3300C4636B /* NavBarController.swift */,
			);
			path = TabBar;
			sourceTree = "<group>";
		};
		5BEAA8022918035100C4636B = {
			isa = PBXGroup;
			children = (
				5BEAA80D2918035100C4636B /* SportApp */,
				5BEAA80C2918035100C4636B /* Products */,
			);
			sourceTree = "<group>";
		};
		5BEAA80C2918035100C4636B /* Products */ = {
			isa = PBXGroup;
			children = (
				5BEAA80B2918035100C4636B /* SportApp.app */,
			);
			name = Products;
			sourceTree = "<group>";
		};
		5BEAA80D2918035100C4636B /* SportApp */ = {
			isa = PBXGroup;
			children = (
				5BEAA8272918071700C4636B /* Extansion */,
				5BEAA822291803E600C4636B /* Application */,
				5BEAA823291803F500C4636B /* SupportingFiles */,
				5BEAA82E2919808800C4636B /* Controllers */,
			);
			path = SportApp;
			sourceTree = "<group>";
		};
		5BEAA822291803E600C4636B /* Application */ = {
			isa = PBXGroup;
			children = (
				5BEAA80E2918035100C4636B /* AppDelegate.swift */,
				5BEAA8102918035100C4636B /* SceneDelegate.swift */,
			);
			path = Application;
			sourceTree = "<group>";
		};
		5BEAA823291803F500C4636B /* SupportingFiles */ = {
			isa = PBXGroup;
			children = (
				5BEAA8172918035300C4636B /* Assets.xcassets */,
				5BEAA8192918035300C4636B /* LaunchScreen.storyboard */,
				5BEAA81C2918035300C4636B /* Info.plist */,
			);
			path = SupportingFiles;
			sourceTree = "<group>";
		};
		5BEAA8272918071700C4636B /* Extansion */ = {
			isa = PBXGroup;
			children = (
				5BEAA8282918074200C4636B /* UIColor + Ext.swift */,
				5BEAA8312919832900C4636B /* UIView + Ext.swift */,
				5BB8D73C291C2AD400C6C496 /* Date + Ext.swift */,
				5BEAA82A2918084500C4636B /* Resources.swift */,
			);
			path = Extansion;
			sourceTree = "<group>";
		};
		5BEAA82E2919808800C4636B /* Controllers */ = {
			isa = PBXGroup;
			children = (
				5BBFED96291ED0FC00A101AF /* TabBar */,
				5BEAA8372919850000C4636B /* Setting */,
				5BEAA836291984F200C4636B /* Overview */,
				5BEAA835291984E900C4636B /* Session */,
				5BEAA834291984DF00C4636B /* Progress */,
				5BEAA8332919849D00C4636B /* Base */,
			);
			path = Controllers;
			sourceTree = "<group>";
		};
		5BEAA8332919849D00C4636B /* Base */ = {
			isa = PBXGroup;
			children = (
				5BBFED92291D86D000A101AF /* Views */,
				5BEAA82F291980C400C4636B /* BaseController.swift */,
				5BB85B2B291ADAD40052F270 /* WAButton.swift */,
			);
			path = Base;
			sourceTree = "<group>";
		};
		5BEAA834291984DF00C4636B /* Progress */ = {
			isa = PBXGroup;
			children = (
				5BEAA83C291985AC00C4636B /* ProgressController.swift */,
			);
			path = Progress;
			sourceTree = "<group>";
		};
		5BEAA835291984E900C4636B /* Session */ = {
			isa = PBXGroup;
			children = (
				5BEAA8382919854D00C4636B /* SessionController.swift */,
			);
			path = Session;
			sourceTree = "<group>";
		};
		5BEAA836291984F200C4636B /* Overview */ = {
			isa = PBXGroup;
			children = (
				5BB85B2A291ADAA70052F270 /* Views */,
				5BEAA8122918035100C4636B /* OverviewViewController.swift */,
			);
			path = Overview;
			sourceTree = "<group>";
		};
		5BEAA8372919850000C4636B /* Setting */ = {
			isa = PBXGroup;
			children = (
				5BEAA83A2919857D00C4636B /* SettingController.swift */,
			);
			path = Setting;
			sourceTree = "<group>";
		};
/* End PBXGroup section */

/* Begin PBXNativeTarget section */
		5BEAA80A2918035100C4636B /* SportApp */ = {
			isa = PBXNativeTarget;
			buildConfigurationList = 5BEAA81F2918035300C4636B /* Build configuration list for PBXNativeTarget "SportApp" */;
			buildPhases = (
				5BEAA8072918035100C4636B /* Sources */,
				5BEAA8082918035100C4636B /* Frameworks */,
				5BEAA8092918035100C4636B /* Resources */,
			);
			buildRules = (
			);
			dependencies = (
			);
			name = SportApp;
			productName = SportApp;
			productReference = 5BEAA80B2918035100C4636B /* SportApp.app */;
			productType = "com.apple.product-type.application";
		};
/* End PBXNativeTarget section */

/* Begin PBXProject section */
		5BEAA8032918035100C4636B /* Project object */ = {
			isa = PBXProject;
			attributes = {
				BuildIndependentTargetsInParallel = 1;
				LastSwiftUpdateCheck = 1410;
				LastUpgradeCheck = 1410;
				TargetAttributes = {
					5BEAA80A2918035100C4636B = {
						CreatedOnToolsVersion = 14.1;
					};
				};
			};
			buildConfigurationList = 5BEAA8062918035100C4636B /* Build configuration list for PBXProject "SportApp" */;
			compatibilityVersion = "Xcode 14.0";
			developmentRegion = en;
			hasScannedForEncodings = 0;
			knownRegions = (
				en,
				Base,
			);
			mainGroup = 5BEAA8022918035100C4636B;
			productRefGroup = 5BEAA80C2918035100C4636B /* Products */;
			projectDirPath = "";
			projectRoot = "";
			targets = (
				5BEAA80A2918035100C4636B /* SportApp */,
			);
		};
/* End PBXProject section */

/* Begin PBXResourcesBuildPhase section */
		5BEAA8092918035100C4636B /* Resources */ = {
			isa = PBXResourcesBuildPhase;
			buildActionMask = 2147483647;
			files = (
				5BEAA81B2918035300C4636B /* LaunchScreen.storyboard in Resources */,
				5BEAA8182918035300C4636B /* Assets.xcassets in Resources */,
			);
			runOnlyForDeploymentPostprocessing = 0;
		};
/* End PBXResourcesBuildPhase section */

/* Begin PBXSourcesBuildPhase section */
		5BEAA8072918035100C4636B /* Sources */ = {
			isa = PBXSourcesBuildPhase;
			buildActionMask = 2147483647;
			files = (
				5BB8D739291C247700C6C496 /* WeekView.swift in Sources */,
				5BEAA8132918035100C4636B /* OverviewViewController.swift in Sources */,
				5BEAA8262918064300C4636B /* TabBarController.swift in Sources */,
				5BD87FEA291B91F100A5002E /* OverviewNavBar.swift in Sources */,
				5BEAA8322919832900C4636B /* UIView + Ext.swift in Sources */,
				5BEAA8292918074200C4636B /* UIColor + Ext.swift in Sources */,
				5BEAA8392919854D00C4636B /* SessionController.swift in Sources */,
				5BB8D73D291C2AD400C6C496 /* Date + Ext.swift in Sources */,
				5BEAA82D29197D3300C4636B /* NavBarController.swift in Sources */,
				5BBFED94291D86E400A101AF /* WABaseInfoView.swift in Sources */,
				5BB85B2C291ADAD40052F270 /* WAButton.swift in Sources */,
				5BEAA80F2918035100C4636B /* AppDelegate.swift in Sources */,
				5BEAA8112918035100C4636B /* SceneDelegate.swift in Sources */,
				5BEAA83D291985AC00C4636B /* ProgressController.swift in Sources */,
				5BEAA83B2919857D00C4636B /* SettingController.swift in Sources */,
				5BD87FEC291B922600A5002E /* BaseView.swift in Sources */,
				5BB8D73B291C263600C6C496 /* WeekDayView.swift in Sources */,
				5BEAA830291980C400C4636B /* BaseController.swift in Sources */,
				5BEAA82B2918084500C4636B /* Resources.swift in Sources */,
			);
			runOnlyForDeploymentPostprocessing = 0;
		};
/* End PBXSourcesBuildPhase section */

/* Begin PBXVariantGroup section */
		5BEAA8192918035300C4636B /* LaunchScreen.storyboard */ = {
			isa = PBXVariantGroup;
			children = (
				5BEAA81A2918035300C4636B /* Base */,
			);
			name = LaunchScreen.storyboard;
			sourceTree = "<group>";
		};
/* End PBXVariantGroup section */

/* Begin XCBuildConfiguration section */
		5BEAA81D2918035300C4636B /* Debug */ = {
			isa = XCBuildConfiguration;
			buildSettings = {
				ALWAYS_SEARCH_USER_PATHS = NO;
				CLANG_ANALYZER_NONNULL = YES;
				CLANG_ANALYZER_NUMBER_OBJECT_CONVERSION = YES_AGGRESSIVE;
				CLANG_CXX_LANGUAGE_STANDARD = "gnu++20";
				CLANG_ENABLE_MODULES = YES;
				CLANG_ENABLE_OBJC_ARC = YES;
				CLANG_ENABLE_OBJC_WEAK = YES;
				CLANG_WARN_BLOCK_CAPTURE_AUTORELEASING = YES;
				CLANG_WARN_BOOL_CONVERSION = YES;
				CLANG_WARN_COMMA = YES;
				CLANG_WARN_CONSTANT_CONVERSION = YES;
				CLANG_WARN_DEPRECATED_OBJC_IMPLEMENTATIONS = YES;
				CLANG_WARN_DIRECT_OBJC_ISA_USAGE = YES_ERROR;
				CLANG_WARN_DOCUMENTATION_COMMENTS = YES;
				CLANG_WARN_EMPTY_BODY = YES;
				CLANG_WARN_ENUM_CONVERSION = YES;
				CLANG_WARN_INFINITE_RECURSION = YES;
				CLANG_WARN_INT_CONVERSION = YES;
				CLANG_WARN_NON_LITERAL_NULL_CONVERSION = YES;
				CLANG_WARN_OBJC_IMPLICIT_RETAIN_SELF = YES;
				CLANG_WARN_OBJC_LITERAL_CONVERSION = YES;
				CLANG_WARN_OBJC_ROOT_CLASS = YES_ERROR;
				CLANG_WARN_QUOTED_INCLUDE_IN_FRAMEWORK_HEADER = YES;
				CLANG_WARN_RANGE_LOOP_ANALYSIS = YES;
				CLANG_WARN_STRICT_PROTOTYPES = YES;
				CLANG_WARN_SUSPICIOUS_MOVE = YES;
				CLANG_WARN_UNGUARDED_AVAILABILITY = YES_AGGRESSIVE;
				CLANG_WARN_UNREACHABLE_CODE = YES;
				CLANG_WARN__DUPLICATE_METHOD_MATCH = YES;
				COPY_PHASE_STRIP = NO;
				DEBUG_INFORMATION_FORMAT = dwarf;
				ENABLE_STRICT_OBJC_MSGSEND = YES;
				ENABLE_TESTABILITY = YES;
				GCC_C_LANGUAGE_STANDARD = gnu11;
				GCC_DYNAMIC_NO_PIC = NO;
				GCC_NO_COMMON_BLOCKS = YES;
				GCC_OPTIMIZATION_LEVEL = 0;
				GCC_PREPROCESSOR_DEFINITIONS = (
					"DEBUG=1",
					"$(inherited)",
				);
				GCC_WARN_64_TO_32_BIT_CONVERSION = YES;
				GCC_WARN_ABOUT_RETURN_TYPE = YES_ERROR;
				GCC_WARN_UNDECLARED_SELECTOR = YES;
				GCC_WARN_UNINITIALIZED_AUTOS = YES_AGGRESSIVE;
				GCC_WARN_UNUSED_FUNCTION = YES;
				GCC_WARN_UNUSED_VARIABLE = YES;
				IPHONEOS_DEPLOYMENT_TARGET = 16.1;
				MTL_ENABLE_DEBUG_INFO = INCLUDE_SOURCE;
				MTL_FAST_MATH = YES;
				ONLY_ACTIVE_ARCH = YES;
				SDKROOT = iphoneos;
				SWIFT_ACTIVE_COMPILATION_CONDITIONS = DEBUG;
				SWIFT_OPTIMIZATION_LEVEL = "-Onone";
			};
			name = Debug;
		};
		5BEAA81E2918035300C4636B /* Release */ = {
			isa = XCBuildConfiguration;
			buildSettings = {
				ALWAYS_SEARCH_USER_PATHS = NO;
				CLANG_ANALYZER_NONNULL = YES;
				CLANG_ANALYZER_NUMBER_OBJECT_CONVERSION = YES_AGGRESSIVE;
				CLANG_CXX_LANGUAGE_STANDARD = "gnu++20";
				CLANG_ENABLE_MODULES = YES;
				CLANG_ENABLE_OBJC_ARC = YES;
				CLANG_ENABLE_OBJC_WEAK = YES;
				CLANG_WARN_BLOCK_CAPTURE_AUTORELEASING = YES;
				CLANG_WARN_BOOL_CONVERSION = YES;
				CLANG_WARN_COMMA = YES;
				CLANG_WARN_CONSTANT_CONVERSION = YES;
				CLANG_WARN_DEPRECATED_OBJC_IMPLEMENTATIONS = YES;
				CLANG_WARN_DIRECT_OBJC_ISA_USAGE = YES_ERROR;
				CLANG_WARN_DOCUMENTATION_COMMENTS = YES;
				CLANG_WARN_EMPTY_BODY = YES;
				CLANG_WARN_ENUM_CONVERSION = YES;
				CLANG_WARN_INFINITE_RECURSION = YES;
				CLANG_WARN_INT_CONVERSION = YES;
				CLANG_WARN_NON_LITERAL_NULL_CONVERSION = YES;
				CLANG_WARN_OBJC_IMPLICIT_RETAIN_SELF = YES;
				CLANG_WARN_OBJC_LITERAL_CONVERSION = YES;
				CLANG_WARN_OBJC_ROOT_CLASS = YES_ERROR;
				CLANG_WARN_QUOTED_INCLUDE_IN_FRAMEWORK_HEADER = YES;
				CLANG_WARN_RANGE_LOOP_ANALYSIS = YES;
				CLANG_WARN_STRICT_PROTOTYPES = YES;
				CLANG_WARN_SUSPICIOUS_MOVE = YES;
				CLANG_WARN_UNGUARDED_AVAILABILITY = YES_AGGRESSIVE;
				CLANG_WARN_UNREACHABLE_CODE = YES;
				CLANG_WARN__DUPLICATE_METHOD_MATCH = YES;
				COPY_PHASE_STRIP = NO;
				DEBUG_INFORMATION_FORMAT = "dwarf-with-dsym";
				ENABLE_NS_ASSERTIONS = NO;
				ENABLE_STRICT_OBJC_MSGSEND = YES;
				GCC_C_LANGUAGE_STANDARD = gnu11;
				GCC_NO_COMMON_BLOCKS = YES;
				GCC_WARN_64_TO_32_BIT_CONVERSION = YES;
				GCC_WARN_ABOUT_RETURN_TYPE = YES_ERROR;
				GCC_WARN_UNDECLARED_SELECTOR = YES;
				GCC_WARN_UNINITIALIZED_AUTOS = YES_AGGRESSIVE;
				GCC_WARN_UNUSED_FUNCTION = YES;
				GCC_WARN_UNUSED_VARIABLE = YES;
				IPHONEOS_DEPLOYMENT_TARGET = 16.1;
				MTL_ENABLE_DEBUG_INFO = NO;
				MTL_FAST_MATH = YES;
				SDKROOT = iphoneos;
				SWIFT_COMPILATION_MODE = wholemodule;
				SWIFT_OPTIMIZATION_LEVEL = "-O";
				VALIDATE_PRODUCT = YES;
			};
			name = Release;
		};
		5BEAA8202918035300C4636B /* Debug */ = {
			isa = XCBuildConfiguration;
			buildSettings = {
				ASSETCATALOG_COMPILER_APPICON_NAME = AppIcon;
				ASSETCATALOG_COMPILER_GLOBAL_ACCENT_COLOR_NAME = AccentColor;
				CODE_SIGN_STYLE = Automatic;
				CURRENT_PROJECT_VERSION = 1;
				DEVELOPMENT_TEAM = R7B2Y45548;
				GENERATE_INFOPLIST_FILE = YES;
				INFOPLIST_FILE = SportApp/SupportingFiles/Info.plist;
				INFOPLIST_KEY_UIApplicationSupportsIndirectInputEvents = YES;
				INFOPLIST_KEY_UILaunchStoryboardName = LaunchScreen;
				INFOPLIST_KEY_UIMainStoryboardFile = "";
				INFOPLIST_KEY_UISupportedInterfaceOrientations = UIInterfaceOrientationPortrait;
				INFOPLIST_KEY_UISupportedInterfaceOrientations_iPad = "UIInterfaceOrientationLandscapeLeft UIInterfaceOrientationLandscapeRight UIInterfaceOrientationPortrait UIInterfaceOrientationPortraitUpsideDown";
				LD_RUNPATH_SEARCH_PATHS = (
					"$(inherited)",
					"@executable_path/Frameworks",
				);
				MARKETING_VERSION = 1.0;
				PRODUCT_BUNDLE_IDENTIFIER = one.SportApp;
				PRODUCT_NAME = "$(TARGET_NAME)";
				SUPPORTED_PLATFORMS = "iphoneos iphonesimulator";
				SUPPORTS_MACCATALYST = NO;
				SUPPORTS_MAC_DESIGNED_FOR_IPHONE_IPAD = NO;
				SWIFT_EMIT_LOC_STRINGS = YES;
				SWIFT_VERSION = 5.0;
				TARGETED_DEVICE_FAMILY = "1,2";
			};
			name = Debug;
		};
		5BEAA8212918035300C4636B /* Release */ = {
			isa = XCBuildConfiguration;
			buildSettings = {
				ASSETCATALOG_COMPILER_APPICON_NAME = AppIcon;
				ASSETCATALOG_COMPILER_GLOBAL_ACCENT_COLOR_NAME = AccentColor;
				CODE_SIGN_STYLE = Automatic;
				CURRENT_PROJECT_VERSION = 1;
				DEVELOPMENT_TEAM = R7B2Y45548;
				GENERATE_INFOPLIST_FILE = YES;
				INFOPLIST_FILE = SportApp/SupportingFiles/Info.plist;
				INFOPLIST_KEY_UIApplicationSupportsIndirectInputEvents = YES;
				INFOPLIST_KEY_UILaunchStoryboardName = LaunchScreen;
				INFOPLIST_KEY_UIMainStoryboardFile = "";
				INFOPLIST_KEY_UISupportedInterfaceOrientations = UIInterfaceOrientationPortrait;
				INFOPLIST_KEY_UISupportedInterfaceOrientations_iPad = "UIInterfaceOrientationLandscapeLeft UIInterfaceOrientationLandscapeRight UIInterfaceOrientationPortrait UIInterfaceOrientationPortraitUpsideDown";
				LD_RUNPATH_SEARCH_PATHS = (
					"$(inherited)",
					"@executable_path/Frameworks",
				);
				MARKETING_VERSION = 1.0;
				PRODUCT_BUNDLE_IDENTIFIER = one.SportApp;
				PRODUCT_NAME = "$(TARGET_NAME)";
				SUPPORTED_PLATFORMS = "iphoneos iphonesimulator";
				SUPPORTS_MACCATALYST = NO;
				SUPPORTS_MAC_DESIGNED_FOR_IPHONE_IPAD = NO;
				SWIFT_EMIT_LOC_STRINGS = YES;
				SWIFT_VERSION = 5.0;
				TARGETED_DEVICE_FAMILY = "1,2";
			};
			name = Release;
		};
/* End XCBuildConfiguration section */

/* Begin XCConfigurationList section */
		5BEAA8062918035100C4636B /* Build configuration list for PBXProject "SportApp" */ = {
			isa = XCConfigurationList;
			buildConfigurations = (
				5BEAA81D2918035300C4636B /* Debug */,
				5BEAA81E2918035300C4636B /* Release */,
			);
			defaultConfigurationIsVisible = 0;
			defaultConfigurationName = Release;
		};
		5BEAA81F2918035300C4636B /* Build configuration list for PBXNativeTarget "SportApp" */ = {
			isa = XCConfigurationList;
			buildConfigurations = (
				5BEAA8202918035300C4636B /* Debug */,
				5BEAA8212918035300C4636B /* Release */,
			);
			defaultConfigurationIsVisible = 0;
			defaultConfigurationName = Release;
		};
/* End XCConfigurationList section */
	};
	rootObject = 5BEAA8032918035100C4636B /* Project object */;
}
